
Microsoft Visual Studio Solution File, Format Version 12.00
# Visual Studio Version 16
VisualStudioVersion = 16.0.29911.84
MinimumVisualStudioVersion = 10.0.40219.1
Project("{FAE04EC0-301F-11D3-BF4B-00C04F79EFBC}") = "GrandCircusLmsExample", "GrandCircusLmsExample\GrandCircusLmsExample.csproj", "{BAA5E7C5-FBB7-4246-ADA3-8367D6BDF8AD}"
EndProject
Project("{FAE04EC0-301F-11D3-BF4B-00C04F79EFBC}") = "GrandCircusLmsExample.DAL", "GrandCircusLmsExample.DAL\GrandCircusLmsExample.DAL.csproj", "{AF03B6D3-B419-43F8-9598-C32CA8BB39E6}"
EndProject
Global
	GlobalSection(SolutionConfigurationPlatforms) = preSolution
		Debug|Any CPU = Debug|Any CPU
		Release|Any CPU = Release|Any CPU
	EndGlobalSection
	GlobalSection(ProjectConfigurationPlatforms) = postSolution
		{BAA5E7C5-FBB7-4246-ADA3-8367D6BDF8AD}.Debug|Any CPU.ActiveCfg = Debug|Any CPU
		{BAA5E7C5-FBB7-4246-ADA3-8367D6BDF8AD}.Debug|Any CPU.Build.0 = Debug|Any CPU
		{BAA5E7C5-FBB7-4246-ADA3-8367D6BDF8AD}.Release|Any CPU.ActiveCfg = Release|Any CPU
		{BAA5E7C5-FBB7-4246-ADA3-8367D6BDF8AD}.Release|Any CPU.Build.0 = Release|Any CPU
		{AF03B6D3-B419-43F8-9598-C32CA8BB39E6}.Debug|Any CPU.ActiveCfg = Debug|Any CPU
		{AF03B6D3-B419-43F8-9598-C32CA8BB39E6}.Debug|Any CPU.Build.0 = Debug|Any CPU
		{AF03B6D3-B419-43F8-9598-C32CA8BB39E6}.Release|Any CPU.ActiveCfg = Release|Any CPU
		{AF03B6D3-B419-43F8-9598-C32CA8BB39E6}.Release|Any CPU.Build.0 = Release|Any CPU
	EndGlobalSection
	GlobalSection(SolutionProperties) = preSolution
		HideSolutionNode = FALSE
	EndGlobalSection
	GlobalSection(ExtensibilityGlobals) = postSolution
		SolutionGuid = {91DDB3C0-834F-4E95-97DC-6E3992E88F34}
	EndGlobalSection
EndGlobal
